
Microsoft Visual Studio Solution File, Format Version 12.00
# Visual Studio 15
VisualStudioVersion = 15.0.28307.136
MinimumVisualStudioVersion = 10.0.40219.1
Project("{FAE04EC0-301F-11D3-BF4B-00C04F79EFBC}") = "PersonalizarControl.Android", "PersonalizarControl\PersonalizarControl.Android\PersonalizarControl.Android.csproj", "{B3308380-C54A-478A-ADFE-EECE57AE7A7C}"
EndProject
Project("{FAE04EC0-301F-11D3-BF4B-00C04F79EFBC}") = "PersonalizarControl.iOS", "PersonalizarControl\PersonalizarControl.iOS\PersonalizarControl.iOS.csproj", "{FAB79233-B56B-4F2E-B15F-7D414EB494A6}"
EndProject
Project("{FAE04EC0-301F-11D3-BF4B-00C04F79EFBC}") = "PersonalizarControl", "PersonalizarControl\PersonalizarControl\PersonalizarControl.csproj", "{B70C8B46-57C1-4E2D-9DF2-14494F331FA0}"
EndProject
Global
	GlobalSection(SolutionConfigurationPlatforms) = preSolution
		Ad-Hoc|Any CPU = Ad-Hoc|Any CPU
		Ad-Hoc|iPhone = Ad-Hoc|iPhone
		Ad-Hoc|iPhoneSimulator = Ad-Hoc|iPhoneSimulator
		AppStore|Any CPU = AppStore|Any CPU
		AppStore|iPhone = AppStore|iPhone
		AppStore|iPhoneSimulator = AppStore|iPhoneSimulator
		Debug|Any CPU = Debug|Any CPU
		Debug|iPhone = Debug|iPhone
		Debug|iPhoneSimulator = Debug|iPhoneSimulator
		Release|Any CPU = Release|Any CPU
		Release|iPhone = Release|iPhone
		Release|iPhoneSimulator = Release|iPhoneSimulator
	EndGlobalSection
	GlobalSection(ProjectConfigurationPlatforms) = postSolution
		{B3308380-C54A-478A-ADFE-EECE57AE7A7C}.Ad-Hoc|Any CPU.ActiveCfg = Release|Any CPU
		{B3308380-C54A-478A-ADFE-EECE57AE7A7C}.Ad-Hoc|Any CPU.Build.0 = Release|Any CPU
		{B3308380-C54A-478A-ADFE-EECE57AE7A7C}.Ad-Hoc|Any CPU.Deploy.0 = Release|Any CPU
		{B3308380-C54A-478A-ADFE-EECE57AE7A7C}.Ad-Hoc|iPhone.ActiveCfg = Release|Any CPU
		{B3308380-C54A-478A-ADFE-EECE57AE7A7C}.Ad-Hoc|iPhone.Build.0 = Release|Any CPU
		{B3308380-C54A-478A-ADFE-EECE57AE7A7C}.Ad-Hoc|iPhone.Deploy.0 = Release|Any CPU
		{B3308380-C54A-478A-ADFE-EECE57AE7A7C}.Ad-Hoc|iPhoneSimulator.ActiveCfg = Release|Any CPU
		{B3308380-C54A-478A-ADFE-EECE57AE7A7C}.Ad-Hoc|iPhoneSimulator.Build.0 = Release|Any CPU
		{B3308380-C54A-478A-ADFE-EECE57AE7A7C}.Ad-Hoc|iPhoneSimulator.Deploy.0 = Release|Any CPU
		{B3308380-C54A-478A-ADFE-EECE57AE7A7C}.AppStore|Any CPU.ActiveCfg = Release|Any CPU
		{B3308380-C54A-478A-ADFE-EECE57AE7A7C}.AppStore|Any CPU.Build.0 = Release|Any CPU
		{B3308380-C54A-478A-ADFE-EECE57AE7A7C}.AppStore|Any CPU.Deploy.0 = Release|Any CPU
		{B3308380-C54A-478A-ADFE-EECE57AE7A7C}.AppStore|iPhone.ActiveCfg = Release|Any CPU
		{B3308380-C54A-478A-ADFE-EECE57AE7A7C}.AppStore|iPhone.Build.0 = Release|Any CPU
		{B3308380-C54A-478A-ADFE-EECE57AE7A7C}.AppStore|iPhone.Deploy.0 = Release|Any CPU
		{B3308380-C54A-478A-ADFE-EECE57AE7A7C}.AppStore|iPhoneSimulator.ActiveCfg = Release|Any CPU
		{B3308380-C54A-478A-ADFE-EECE57AE7A7C}.AppStore|iPhoneSimulator.Build.0 = Release|Any CPU
		{B3308380-C54A-478A-ADFE-EECE57AE7A7C}.AppStore|iPhoneSimulator.Deploy.0 = Release|Any CPU
		{B3308380-C54A-478A-ADFE-EECE57AE7A7C}.Debug|Any CPU.ActiveCfg = Debug|Any CPU
		{B3308380-C54A-478A-ADFE-EECE57AE7A7C}.Debug|Any CPU.Build.0 = Debug|Any CPU
		{B3308380-C54A-478A-ADFE-EECE57AE7A7C}.Debug|Any CPU.Deploy.0 = Debug|Any CPU
		{B3308380-C54A-478A-ADFE-EECE57AE7A7C}.Debug|iPhone.ActiveCfg = Debug|Any CPU
		{B3308380-C54A-478A-ADFE-EECE57AE7A7C}.Debug|iPhone.Build.0 = Debug|Any CPU
		{B3308380-C54A-478A-ADFE-EECE57AE7A7C}.Debug|iPhone.Deploy.0 = Debug|Any CPU
		{B3308380-C54A-478A-ADFE-EECE57AE7A7C}.Debug|iPhoneSimulator.ActiveCfg = Debug|Any CPU
		{B3308380-C54A-478A-ADFE-EECE57AE7A7C}.Debug|iPhoneSimulator.Build.0 = Debug|Any CPU
		{B3308380-C54A-478A-ADFE-EECE57AE7A7C}.Debug|iPhoneSimulator.Deploy.0 = Debug|Any CPU
		{B3308380-C54A-478A-ADFE-EECE57AE7A7C}.Release|Any CPU.ActiveCfg = Release|Any CPU
		{B3308380-C54A-478A-ADFE-EECE57AE7A7C}.Release|Any CPU.Build.0 = Release|Any CPU
		{B3308380-C54A-478A-ADFE-EECE57AE7A7C}.Release|Any CPU.Deploy.0 = Release|Any CPU
		{B3308380-C54A-478A-ADFE-EECE57AE7A7C}.Release|iPhone.ActiveCfg = Release|Any CPU
		{B3308380-C54A-478A-ADFE-EECE57AE7A7C}.Release|iPhone.Build.0 = Release|Any CPU
		{B3308380-C54A-478A-ADFE-EECE57AE7A7C}.Release|iPhone.Deploy.0 = Release|Any CPU
		{B3308380-C54A-478A-ADFE-EECE57AE7A7C}.Release|iPhoneSimulator.ActiveCfg = Release|Any CPU
		{B3308380-C54A-478A-ADFE-EECE57AE7A7C}.Release|iPhoneSimulator.Build.0 = Release|Any CPU
		{B3308380-C54A-478A-ADFE-EECE57AE7A7C}.Release|iPhoneSimulator.Deploy.0 = Release|Any CPU
		{FAB79233-B56B-4F2E-B15F-7D414EB494A6}.Ad-Hoc|Any CPU.ActiveCfg = Ad-Hoc|iPhone
		{FAB79233-B56B-4F2E-B15F-7D414EB494A6}.Ad-Hoc|Any CPU.Build.0 = Ad-Hoc|iPhone
		{FAB79233-B56B-4F2E-B15F-7D414EB494A6}.Ad-Hoc|Any CPU.Deploy.0 = Ad-Hoc|iPhone
		{FAB79233-B56B-4F2E-B15F-7D414EB494A6}.Ad-Hoc|iPhone.ActiveCfg = Ad-Hoc|iPhone
		{FAB79233-B56B-4F2E-B15F-7D414EB494A6}.Ad-Hoc|iPhone.Build.0 = Ad-Hoc|iPhone
		{FAB79233-B56B-4F2E-B15F-7D414EB494A6}.Ad-Hoc|iPhone.Deploy.0 = Ad-Hoc|iPhone
		{FAB79233-B56B-4F2E-B15F-7D414EB494A6}.Ad-Hoc|iPhoneSimulator.ActiveCfg = Ad-Hoc|iPhoneSimulator
		{FAB79233-B56B-4F2E-B15F-7D414EB494A6}.Ad-Hoc|iPhoneSimulator.Build.0 = Ad-Hoc|iPhoneSimulator
		{FAB79233-B56B-4F2E-B15F-7D414EB494A6}.Ad-Hoc|iPhoneSimulator.Deploy.0 = Ad-Hoc|iPhoneSimulator
		{FAB79233-B56B-4F2E-B15F-7D414EB494A6}.AppStore|Any CPU.ActiveCfg = AppStore|iPhone
		{FAB79233-B56B-4F2E-B15F-7D414EB494A6}.AppStore|Any CPU.Build.0 = AppStore|iPhone
		{FAB79233-B56B-4F2E-B15F-7D414EB494A6}.AppStore|Any CPU.Deploy.0 = AppStore|iPhone
		{FAB79233-B56B-4F2E-B15F-7D414EB494A6}.AppStore|iPhone.ActiveCfg = AppStore|iPhone
		{FAB79233-B56B-4F2E-B15F-7D414EB494A6}.AppStore|iPhone.Build.0 = AppStore|iPhone
		{FAB79233-B56B-4F2E-B15F-7D414EB494A6}.AppStore|iPhone.Deploy.0 = AppStore|iPhone
		{FAB79233-B56B-4F2E-B15F-7D414EB494A6}.AppStore|iPhoneSimulator.ActiveCfg = AppStore|iPhoneSimulator
		{FAB79233-B56B-4F2E-B15F-7D414EB494A6}.AppStore|iPhoneSimulator.Build.0 = AppStore|iPhoneSimulator
		{FAB79233-B56B-4F2E-B15F-7D414EB494A6}.AppStore|iPhoneSimulator.Deploy.0 = AppStore|iPhoneSimulator
		{FAB79233-B56B-4F2E-B15F-7D414EB494A6}.Debug|Any CPU.ActiveCfg = Debug|iPhoneSimulator
		{FAB79233-B56B-4F2E-B15F-7D414EB494A6}.Debug|Any CPU.Build.0 = Debug|iPhoneSimulator
		{FAB79233-B56B-4F2E-B15F-7D414EB494A6}.Debug|Any CPU.Deploy.0 = Debug|iPhoneSimulator
		{FAB79233-B56B-4F2E-B15F-7D414EB494A6}.Debug|iPhone.ActiveCfg = Debug|iPhone
		{FAB79233-B56B-4F2E-B15F-7D414EB494A6}.Debug|iPhone.Build.0 = Debug|iPhone
		{FAB79233-B56B-4F2E-B15F-7D414EB494A6}.Debug|iPhone.Deploy.0 = Debug|iPhone
		{FAB79233-B56B-4F2E-B15F-7D414EB494A6}.Debug|iPhoneSimulator.ActiveCfg = Debug|iPhoneSimulator
		{FAB79233-B56B-4F2E-B15F-7D414EB494A6}.Debug|iPhoneSimulator.Build.0 = Debug|iPhoneSimulator
		{FAB79233-B56B-4F2E-B15F-7D414EB494A6}.Debug|iPhoneSimulator.Deploy.0 = Debug|iPhoneSimulator
		{FAB79233-B56B-4F2E-B15F-7D414EB494A6}.Release|Any CPU.ActiveCfg = Release|iPhone
		{FAB79233-B56B-4F2E-B15F-7D414EB494A6}.Release|Any CPU.Build.0 = Release|iPhone
		{FAB79233-B56B-4F2E-B15F-7D414EB494A6}.Release|Any CPU.Deploy.0 = Release|iPhone
		{FAB79233-B56B-4F2E-B15F-7D414EB494A6}.Release|iPhone.ActiveCfg = Release|iPhone
		{FAB79233-B56B-4F2E-B15F-7D414EB494A6}.Release|iPhone.Build.0 = Release|iPhone
		{FAB79233-B56B-4F2E-B15F-7D414EB494A6}.Release|iPhone.Deploy.0 = Release|iPhone
		{FAB79233-B56B-4F2E-B15F-7D414EB494A6}.Release|iPhoneSimulator.ActiveCfg = Release|iPhoneSimulator
		{FAB79233-B56B-4F2E-B15F-7D414EB494A6}.Release|iPhoneSimulator.Build.0 = Release|iPhoneSimulator
		{FAB79233-B56B-4F2E-B15F-7D414EB494A6}.Release|iPhoneSimulator.Deploy.0 = Release|iPhoneSimulator
		{B70C8B46-57C1-4E2D-9DF2-14494F331FA0}.Ad-Hoc|Any CPU.ActiveCfg = Debug|Any CPU
		{B70C8B46-57C1-4E2D-9DF2-14494F331FA0}.Ad-Hoc|Any CPU.Build.0 = Debug|Any CPU
		{B70C8B46-57C1-4E2D-9DF2-14494F331FA0}.Ad-Hoc|Any CPU.Deploy.0 = Debug|Any CPU
		{B70C8B46-57C1-4E2D-9DF2-14494F331FA0}.Ad-Hoc|iPhone.ActiveCfg = Debug|Any CPU
		{B70C8B46-57C1-4E2D-9DF2-14494F331FA0}.Ad-Hoc|iPhone.Build.0 = Debug|Any CPU
		{B70C8B46-57C1-4E2D-9DF2-14494F331FA0}.Ad-Hoc|iPhone.Deploy.0 = Debug|Any CPU
		{B70C8B46-57C1-4E2D-9DF2-14494F331FA0}.Ad-Hoc|iPhoneSimulator.ActiveCfg = Debug|Any CPU
		{B70C8B46-57C1-4E2D-9DF2-14494F331FA0}.Ad-Hoc|iPhoneSimulator.Build.0 = Debug|Any CPU
		{B70C8B46-57C1-4E2D-9DF2-14494F331FA0}.Ad-Hoc|iPhoneSimulator.Deploy.0 = Debug|Any CPU
		{B70C8B46-57C1-4E2D-9DF2-14494F331FA0}.AppStore|Any CPU.ActiveCfg = Debug|Any CPU
		{B70C8B46-57C1-4E2D-9DF2-14494F331FA0}.AppStore|Any CPU.Build.0 = Debug|Any CPU
		{B70C8B46-57C1-4E2D-9DF2-14494F331FA0}.AppStore|Any CPU.Deploy.0 = Debug|Any CPU
		{B70C8B46-57C1-4E2D-9DF2-14494F331FA0}.AppStore|iPhone.ActiveCfg = Debug|Any CPU
		{B70C8B46-57C1-4E2D-9DF2-14494F331FA0}.AppStore|iPhone.Build.0 = Debug|Any CPU
		{B70C8B46-57C1-4E2D-9DF2-14494F331FA0}.AppStore|iPhone.Deploy.0 = Debug|Any CPU
		{B70C8B46-57C1-4E2D-9DF2-14494F331FA0}.AppStore|iPhoneSimulator.ActiveCfg = Debug|Any CPU
		{B70C8B46-57C1-4E2D-9DF2-14494F331FA0}.AppStore|iPhoneSimulator.Build.0 = Debug|Any CPU
		{B70C8B46-57C1-4E2D-9DF2-14494F331FA0}.AppStore|iPhoneSimulator.Deploy.0 = Debug|Any CPU
		{B70C8B46-57C1-4E2D-9DF2-14494F331FA0}.Debug|Any CPU.ActiveCfg = Debug|Any CPU
		{B70C8B46-57C1-4E2D-9DF2-14494F331FA0}.Debug|Any CPU.Build.0 = Debug|Any CPU
		{B70C8B46-57C1-4E2D-9DF2-14494F331FA0}.Debug|Any CPU.Deploy.0 = Debug|Any CPU
		{B70C8B46-57C1-4E2D-9DF2-14494F331FA0}.Debug|iPhone.ActiveCfg = Debug|Any CPU
		{B70C8B46-57C1-4E2D-9DF2-14494F331FA0}.Debug|iPhone.Build.0 = Debug|Any CPU
		{B70C8B46-57C1-4E2D-9DF2-14494F331FA0}.Debug|iPhone.Deploy.0 = Debug|Any CPU
		{B70C8B46-57C1-4E2D-9DF2-14494F331FA0}.Debug|iPhoneSimulator.ActiveCfg = Debug|Any CPU
		{B70C8B46-57C1-4E2D-9DF2-14494F331FA0}.Debug|iPhoneSimulator.Build.0 = Debug|Any CPU
		{B70C8B46-57C1-4E2D-9DF2-14494F331FA0}.Debug|iPhoneSimulator.Deploy.0 = Debug|Any CPU
		{B70C8B46-57C1-4E2D-9DF2-14494F331FA0}.Release|Any CPU.ActiveCfg = Release|Any CPU
		{B70C8B46-57C1-4E2D-9DF2-14494F331FA0}.Release|Any CPU.Build.0 = Release|Any CPU
		{B70C8B46-57C1-4E2D-9DF2-14494F331FA0}.Release|Any CPU.Deploy.0 = Release|Any CPU
		{B70C8B46-57C1-4E2D-9DF2-14494F331FA0}.Release|iPhone.ActiveCfg = Release|Any CPU
		{B70C8B46-57C1-4E2D-9DF2-14494F331FA0}.Release|iPhone.Build.0 = Release|Any CPU
		{B70C8B46-57C1-4E2D-9DF2-14494F331FA0}.Release|iPhone.Deploy.0 = Release|Any CPU
		{B70C8B46-57C1-4E2D-9DF2-14494F331FA0}.Release|iPhoneSimulator.ActiveCfg = Release|Any CPU
		{B70C8B46-57C1-4E2D-9DF2-14494F331FA0}.Release|iPhoneSimulator.Build.0 = Release|Any CPU
		{B70C8B46-57C1-4E2D-9DF2-14494F331FA0}.Release|iPhoneSimulator.Deploy.0 = Release|Any CPU
	EndGlobalSection
	GlobalSection(SolutionProperties) = preSolution
		HideSolutionNode = FALSE
	EndGlobalSection
	GlobalSection(ExtensibilityGlobals) = postSolution
		SolutionGuid = {956DF7D1-134B-4256-9908-C9BC5FFDAA68}
	EndGlobalSection
EndGlobal
